
Microsoft Visual Studio Solution File, Format Version 12.00
# Visual Studio 15
Project("{FAE04EC0-301F-11D3-BF4B-00C04F79EFBC}") = "FinalProject", "FinalProject\FinalProject.csproj", "{4E6648E5-080B-4A77-9950-F805BB82B21A}"
EndProject
Global
	GlobalSection(SolutionConfigurationPlatforms) = preSolution
		Debug|Any CPU = Debug|Any CPU
		Release|Any CPU = Release|Any CPU
	EndGlobalSection
	GlobalSection(ProjectConfigurationPlatforms) = postSolution
		{4E6648E5-080B-4A77-9950-F805BB82B21A}.Debug|Any CPU.ActiveCfg = Debug|Any CPU
		{4E6648E5-080B-4A77-9950-F805BB82B21A}.Debug|Any CPU.Build.0 = Debug|Any CPU
		{4E6648E5-080B-4A77-9950-F805BB82B21A}.Release|Any CPU.ActiveCfg = Release|Any CPU
		{4E6648E5-080B-4A77-9950-F805BB82B21A}.Release|Any CPU.Build.0 = Release|Any CPU
	EndGlobalSection
EndGlobal
